// !$*UTF8*$!
{
	archiveVersion = 1;
	classes = {
	};
	objectVersion = 46;
	objects = {

/* Begin PBXBuildFile section */
		1661D7982F30E1ABEE18FDB5 /* Pods_ReactiveCocoaTest.framework in Frameworks */ = {isa = PBXBuildFile; fileRef = C7D2F5AC28840CE76B7EC278 /* Pods_ReactiveCocoaTest.framework */; };
		6E0D29C31F25E823001E4DFB /* AppDelegate.swift in Sources */ = {isa = PBXBuildFile; fileRef = 6E0D29C21F25E823001E4DFB /* AppDelegate.swift */; };
		6E0D29C51F25E823001E4DFB /* ViewController.swift in Sources */ = {isa = PBXBuildFile; fileRef = 6E0D29C41F25E823001E4DFB /* ViewController.swift */; };
		6E0D29C81F25E823001E4DFB /* Main.storyboard in Resources */ = {isa = PBXBuildFile; fileRef = 6E0D29C61F25E823001E4DFB /* Main.storyboard */; };
		6E0D29CA1F25E823001E4DFB /* Assets.xcassets in Resources */ = {isa = PBXBuildFile; fileRef = 6E0D29C91F25E823001E4DFB /* Assets.xcassets */; };
		6E0D29CD1F25E823001E4DFB /* LaunchScreen.storyboard in Resources */ = {isa = PBXBuildFile; fileRef = 6E0D29CB1F25E823001E4DFB /* LaunchScreen.storyboard */; };
		6EF1BB811F29BB5800A28F46 /* AudioToolbox.framework in Frameworks */ = {isa = PBXBuildFile; fileRef = 6EF1BB801F29BB5800A28F46 /* AudioToolbox.framework */; };
		6EF1BB831F29BB5F00A28F46 /* AVFoundation.framework in Frameworks */ = {isa = PBXBuildFile; fileRef = 6EF1BB821F29BB5F00A28F46 /* AVFoundation.framework */; };
		6EF1BB851F29BB6600A28F46 /* CoreGraphics.framework in Frameworks */ = {isa = PBXBuildFile; fileRef = 6EF1BB841F29BB6600A28F46 /* CoreGraphics.framework */; };
		6EF1BB871F29BB6C00A28F46 /* CoreMedia.framework in Frameworks */ = {isa = PBXBuildFile; fileRef = 6EF1BB861F29BB6C00A28F46 /* CoreMedia.framework */; };
		6EF1BB891F29BB7200A28F46 /* CoreVideo.framework in Frameworks */ = {isa = PBXBuildFile; fileRef = 6EF1BB881F29BB7200A28F46 /* CoreVideo.framework */; };
		6EF1BB8B1F29BB7B00A28F46 /* libbz2.tbd in Frameworks */ = {isa = PBXBuildFile; fileRef = 6EF1BB8A1F29BB7B00A28F46 /* libbz2.tbd */; };
		6EF1BB8D1F29BB8100A28F46 /* libz.tbd in Frameworks */ = {isa = PBXBuildFile; fileRef = 6EF1BB8C1F29BB8100A28F46 /* libz.tbd */; };
		6EF1BB8F1F29BB8A00A28F46 /* MediaPlayer.framework in Frameworks */ = {isa = PBXBuildFile; fileRef = 6EF1BB8E1F29BB8A00A28F46 /* MediaPlayer.framework */; };
		6EF1BB911F29BB9D00A28F46 /* MobileCoreServices.framework in Frameworks */ = {isa = PBXBuildFile; fileRef = 6EF1BB901F29BB9D00A28F46 /* MobileCoreServices.framework */; };
		6EF1BB931F29BBA300A28F46 /* OpenGLES.framework in Frameworks */ = {isa = PBXBuildFile; fileRef = 6EF1BB921F29BBA300A28F46 /* OpenGLES.framework */; };
		6EF1BB951F29BBAC00A28F46 /* QuartzCore.framework in Frameworks */ = {isa = PBXBuildFile; fileRef = 6EF1BB941F29BBAC00A28F46 /* QuartzCore.framework */; };
		6EF1BB971F29BBB600A28F46 /* UIKit.framework in Frameworks */ = {isa = PBXBuildFile; fileRef = 6EF1BB961F29BBB600A28F46 /* UIKit.framework */; };
		6EF1BB991F29BBBD00A28F46 /* VideoToolbox.framework in Frameworks */ = {isa = PBXBuildFile; fileRef = 6EF1BB981F29BBBD00A28F46 /* VideoToolbox.framework */; };
		6EF1BB9D1F29C95100A28F46 /* ReactiveCocoa.framework in CopyFiles */ = {isa = PBXBuildFile; fileRef = 6EFEF65D1F2743060025B286 /* ReactiveCocoa.framework */; settings = {ATTRIBUTES = (CodeSignOnCopy, RemoveHeadersOnCopy, ); }; };
		6EF1BB9E1F29C98000A28F46 /* ReactiveSwift.framework in CopyFiles */ = {isa = PBXBuildFile; fileRef = 6EFEF65E1F2743060025B286 /* ReactiveSwift.framework */; settings = {ATTRIBUTES = (CodeSignOnCopy, RemoveHeadersOnCopy, ); }; };
		6EF1BB9F1F29C9B800A28F46 /* Result.framework in CopyFiles */ = {isa = PBXBuildFile; fileRef = 6EFEF65F1F2743060025B286 /* Result.framework */; settings = {ATTRIBUTES = (CodeSignOnCopy, RemoveHeadersOnCopy, ); }; };
		6EF1BBA11F29CA4C00A28F46 /* libc++.tbd in Frameworks */ = {isa = PBXBuildFile; fileRef = 6EF1BBA01F29CA4C00A28F46 /* libc++.tbd */; };
		6EF1BBA81F29DECF00A28F46 /* IJKMediaFramework.framework in Frameworks */ = {isa = PBXBuildFile; fileRef = 6EF1BBA71F29DECF00A28F46 /* IJKMediaFramework.framework */; };
		6EFEA31B1F2845540087E2EA /* A.m in Sources */ = {isa = PBXBuildFile; fileRef = 6EFEA31A1F2845540087E2EA /* A.m */; };
		6EFEF6601F2743060025B286 /* ReactiveCocoa.framework in Frameworks */ = {isa = PBXBuildFile; fileRef = 6EFEF65D1F2743060025B286 /* ReactiveCocoa.framework */; };
		6EFEF6611F2743060025B286 /* ReactiveSwift.framework in Frameworks */ = {isa = PBXBuildFile; fileRef = 6EFEF65E1F2743060025B286 /* ReactiveSwift.framework */; };
		6EFEF6621F2743060025B286 /* Result.framework in Frameworks */ = {isa = PBXBuildFile; fileRef = 6EFEF65F1F2743060025B286 /* Result.framework */; };
/* End PBXBuildFile section */

/* Begin PBXCopyFilesBuildPhase section */
		6EF1BB9C1F29C92000A28F46 /* CopyFiles */ = {
			isa = PBXCopyFilesBuildPhase;
			buildActionMask = 2147483647;
			dstPath = "";
			dstSubfolderSpec = 10;
			files = (
				6EF1BB9F1F29C9B800A28F46 /* Result.framework in CopyFiles */,
				6EF1BB9E1F29C98000A28F46 /* ReactiveSwift.framework in CopyFiles */,
				6EF1BB9D1F29C95100A28F46 /* ReactiveCocoa.framework in CopyFiles */,
			);
			runOnlyForDeploymentPostprocessing = 0;
		};
/* End PBXCopyFilesBuildPhase section */

/* Begin PBXFileReference section */
		26F0AFC7A374663FCBDF01F2 /* Pods-ReactiveCocoaTest.debug.xcconfig */ = {isa = PBXFileReference; includeInIndex = 1; lastKnownFileType = text.xcconfig; name = "Pods-ReactiveCocoaTest.debug.xcconfig"; path = "Pods/Target Support Files/Pods-ReactiveCocoaTest/Pods-ReactiveCocoaTest.debug.xcconfig"; sourceTree = "<group>"; };
		6E0D29BF1F25E823001E4DFB /* ReactiveCocoaTest.app */ = {isa = PBXFileReference; explicitFileType = wrapper.application; includeInIndex = 0; path = ReactiveCocoaTest.app; sourceTree = BUILT_PRODUCTS_DIR; };
		6E0D29C21F25E823001E4DFB /* AppDelegate.swift */ = {isa = PBXFileReference; lastKnownFileType = sourcecode.swift; path = AppDelegate.swift; sourceTree = "<group>"; };
		6E0D29C41F25E823001E4DFB /* ViewController.swift */ = {isa = PBXFileReference; lastKnownFileType = sourcecode.swift; path = ViewController.swift; sourceTree = "<group>"; };
		6E0D29C71F25E823001E4DFB /* Base */ = {isa = PBXFileReference; lastKnownFileType = file.storyboard; name = Base; path = Base.lproj/Main.storyboard; sourceTree = "<group>"; };
		6E0D29C91F25E823001E4DFB /* Assets.xcassets */ = {isa = PBXFileReference; lastKnownFileType = folder.assetcatalog; path = Assets.xcassets; sourceTree = "<group>"; };
		6E0D29CC1F25E823001E4DFB /* Base */ = {isa = PBXFileReference; lastKnownFileType = file.storyboard; name = Base; path = Base.lproj/LaunchScreen.storyboard; sourceTree = "<group>"; };
		6E0D29CE1F25E823001E4DFB /* Info.plist */ = {isa = PBXFileReference; lastKnownFileType = text.plist.xml; path = Info.plist; sourceTree = "<group>"; };
		6EF1BB801F29BB5800A28F46 /* AudioToolbox.framework */ = {isa = PBXFileReference; lastKnownFileType = wrapper.framework; name = AudioToolbox.framework; path = System/Library/Frameworks/AudioToolbox.framework; sourceTree = SDKROOT; };
		6EF1BB821F29BB5F00A28F46 /* AVFoundation.framework */ = {isa = PBXFileReference; lastKnownFileType = wrapper.framework; name = AVFoundation.framework; path = System/Library/Frameworks/AVFoundation.framework; sourceTree = SDKROOT; };
		6EF1BB841F29BB6600A28F46 /* CoreGraphics.framework */ = {isa = PBXFileReference; lastKnownFileType = wrapper.framework; name = CoreGraphics.framework; path = System/Library/Frameworks/CoreGraphics.framework; sourceTree = SDKROOT; };
		6EF1BB861F29BB6C00A28F46 /* CoreMedia.framework */ = {isa = PBXFileReference; lastKnownFileType = wrapper.framework; name = CoreMedia.framework; path = System/Library/Frameworks/CoreMedia.framework; sourceTree = SDKROOT; };
		6EF1BB881F29BB7200A28F46 /* CoreVideo.framework */ = {isa = PBXFileReference; lastKnownFileType = wrapper.framework; name = CoreVideo.framework; path = System/Library/Frameworks/CoreVideo.framework; sourceTree = SDKROOT; };
		6EF1BB8A1F29BB7B00A28F46 /* libbz2.tbd */ = {isa = PBXFileReference; lastKnownFileType = "sourcecode.text-based-dylib-definition"; name = libbz2.tbd; path = usr/lib/libbz2.tbd; sourceTree = SDKROOT; };
		6EF1BB8C1F29BB8100A28F46 /* libz.tbd */ = {isa = PBXFileReference; lastKnownFileType = "sourcecode.text-based-dylib-definition"; name = libz.tbd; path = usr/lib/libz.tbd; sourceTree = SDKROOT; };
		6EF1BB8E1F29BB8A00A28F46 /* MediaPlayer.framework */ = {isa = PBXFileReference; lastKnownFileType = wrapper.framework; name = MediaPlayer.framework; path = System/Library/Frameworks/MediaPlayer.framework; sourceTree = SDKROOT; };
		6EF1BB901F29BB9D00A28F46 /* MobileCoreServices.framework */ = {isa = PBXFileReference; lastKnownFileType = wrapper.framework; name = MobileCoreServices.framework; path = System/Library/Frameworks/MobileCoreServices.framework; sourceTree = SDKROOT; };
		6EF1BB921F29BBA300A28F46 /* OpenGLES.framework */ = {isa = PBXFileReference; lastKnownFileType = wrapper.framework; name = OpenGLES.framework; path = System/Library/Frameworks/OpenGLES.framework; sourceTree = SDKROOT; };
		6EF1BB941F29BBAC00A28F46 /* QuartzCore.framework */ = {isa = PBXFileReference; lastKnownFileType = wrapper.framework; name = QuartzCore.framework; path = System/Library/Frameworks/QuartzCore.framework; sourceTree = SDKROOT; };
		6EF1BB961F29BBB600A28F46 /* UIKit.framework */ = {isa = PBXFileReference; lastKnownFileType = wrapper.framework; name = UIKit.framework; path = System/Library/Frameworks/UIKit.framework; sourceTree = SDKROOT; };
		6EF1BB981F29BBBD00A28F46 /* VideoToolbox.framework */ = {isa = PBXFileReference; lastKnownFileType = wrapper.framework; name = VideoToolbox.framework; path = System/Library/Frameworks/VideoToolbox.framework; sourceTree = SDKROOT; };
		6EF1BBA01F29CA4C00A28F46 /* libc++.tbd */ = {isa = PBXFileReference; lastKnownFileType = "sourcecode.text-based-dylib-definition"; name = "libc++.tbd"; path = "usr/lib/libc++.tbd"; sourceTree = SDKROOT; };
		6EF1BBA71F29DECF00A28F46 /* IJKMediaFramework.framework */ = {isa = PBXFileReference; lastKnownFileType = wrapper.framework; path = IJKMediaFramework.framework; sourceTree = "<group>"; };
		6EFEA3181F2845540087E2EA /* ReactiveCocoaTest-Bridging-Header.h */ = {isa = PBXFileReference; lastKnownFileType = sourcecode.c.h; path = "ReactiveCocoaTest-Bridging-Header.h"; sourceTree = "<group>"; };
		6EFEA3191F2845540087E2EA /* A.h */ = {isa = PBXFileReference; fileEncoding = 4; lastKnownFileType = sourcecode.c.h; path = A.h; sourceTree = "<group>"; };
		6EFEA31A1F2845540087E2EA /* A.m */ = {isa = PBXFileReference; fileEncoding = 4; lastKnownFileType = sourcecode.c.objc; path = A.m; sourceTree = "<group>"; };
		6EFEF65D1F2743060025B286 /* ReactiveCocoa.framework */ = {isa = PBXFileReference; lastKnownFileType = wrapper.framework; name = ReactiveCocoa.framework; path = Carthage/Build/iOS/ReactiveCocoa.framework; sourceTree = "<group>"; };
		6EFEF65E1F2743060025B286 /* ReactiveSwift.framework */ = {isa = PBXFileReference; lastKnownFileType = wrapper.framework; name = ReactiveSwift.framework; path = Carthage/Build/iOS/ReactiveSwift.framework; sourceTree = "<group>"; };
		6EFEF65F1F2743060025B286 /* Result.framework */ = {isa = PBXFileReference; lastKnownFileType = wrapper.framework; name = Result.framework; path = Carthage/Build/iOS/Result.framework; sourceTree = "<group>"; };
		B4A61D0FBC640B218B826ED1 /* Pods-ReactiveCocoaTest.release.xcconfig */ = {isa = PBXFileReference; includeInIndex = 1; lastKnownFileType = text.xcconfig; name = "Pods-ReactiveCocoaTest.release.xcconfig"; path = "Pods/Target Support Files/Pods-ReactiveCocoaTest/Pods-ReactiveCocoaTest.release.xcconfig"; sourceTree = "<group>"; };
		C7D2F5AC28840CE76B7EC278 /* Pods_ReactiveCocoaTest.framework */ = {isa = PBXFileReference; explicitFileType = wrapper.framework; includeInIndex = 0; path = Pods_ReactiveCocoaTest.framework; sourceTree = BUILT_PRODUCTS_DIR; };
/* End PBXFileReference section */

/* Begin PBXFrameworksBuildPhase section */
		6E0D29BC1F25E823001E4DFB /* Frameworks */ = {
			isa = PBXFrameworksBuildPhase;
			buildActionMask = 2147483647;
			files = (
				6EF1BBA11F29CA4C00A28F46 /* libc++.tbd in Frameworks */,
				6EF1BB991F29BBBD00A28F46 /* VideoToolbox.framework in Frameworks */,
				6EF1BB971F29BBB600A28F46 /* UIKit.framework in Frameworks */,
				6EF1BB951F29BBAC00A28F46 /* QuartzCore.framework in Frameworks */,
				6EF1BB931F29BBA300A28F46 /* OpenGLES.framework in Frameworks */,
				6EF1BB911F29BB9D00A28F46 /* MobileCoreServices.framework in Frameworks */,
				6EF1BBA81F29DECF00A28F46 /* IJKMediaFramework.framework in Frameworks */,
				6EF1BB8F1F29BB8A00A28F46 /* MediaPlayer.framework in Frameworks */,
				6EF1BB8D1F29BB8100A28F46 /* libz.tbd in Frameworks */,
				6EF1BB8B1F29BB7B00A28F46 /* libbz2.tbd in Frameworks */,
				6EF1BB891F29BB7200A28F46 /* CoreVideo.framework in Frameworks */,
				6EF1BB871F29BB6C00A28F46 /* CoreMedia.framework in Frameworks */,
				6EF1BB851F29BB6600A28F46 /* CoreGraphics.framework in Frameworks */,
				6EF1BB831F29BB5F00A28F46 /* AVFoundation.framework in Frameworks */,
				6EF1BB811F29BB5800A28F46 /* AudioToolbox.framework in Frameworks */,
				6EFEF6601F2743060025B286 /* ReactiveCocoa.framework in Frameworks */,
				6EFEF6611F2743060025B286 /* ReactiveSwift.framework in Frameworks */,
				6EFEF6621F2743060025B286 /* Result.framework in Frameworks */,
				1661D7982F30E1ABEE18FDB5 /* Pods_ReactiveCocoaTest.framework in Frameworks */,
			);
			runOnlyForDeploymentPostprocessing = 0;
		};
/* End PBXFrameworksBuildPhase section */

/* Begin PBXGroup section */
		6E0D29B61F25E823001E4DFB = {
			isa = PBXGroup;
			children = (
				6EF1BBA71F29DECF00A28F46 /* IJKMediaFramework.framework */,
				6E0D29C11F25E823001E4DFB /* ReactiveCocoaTest */,
				6E0D29C01F25E823001E4DFB /* Products */,
				87B3FDB947CB2A6CFA393B2F /* Pods */,
				8F7D1BE8C66D47D915252CCE /* Frameworks */,
			);
			sourceTree = "<group>";
		};
		6E0D29C01F25E823001E4DFB /* Products */ = {
			isa = PBXGroup;
			children = (
				6E0D29BF1F25E823001E4DFB /* ReactiveCocoaTest.app */,
			);
			name = Products;
			sourceTree = "<group>";
		};
		6E0D29C11F25E823001E4DFB /* ReactiveCocoaTest */ = {
			isa = PBXGroup;
			children = (
				6E0D29C21F25E823001E4DFB /* AppDelegate.swift */,
				6E0D29C41F25E823001E4DFB /* ViewController.swift */,
				6EFEA3191F2845540087E2EA /* A.h */,
				6EFEA31A1F2845540087E2EA /* A.m */,
				6E0D29C61F25E823001E4DFB /* Main.storyboard */,
				6E0D29C91F25E823001E4DFB /* Assets.xcassets */,
				6E0D29CB1F25E823001E4DFB /* LaunchScreen.storyboard */,
				6E0D29CE1F25E823001E4DFB /* Info.plist */,
				6EFEA3181F2845540087E2EA /* ReactiveCocoaTest-Bridging-Header.h */,
			);
			path = ReactiveCocoaTest;
			sourceTree = "<group>";
		};
		87B3FDB947CB2A6CFA393B2F /* Pods */ = {
			isa = PBXGroup;
			children = (
				26F0AFC7A374663FCBDF01F2 /* Pods-ReactiveCocoaTest.debug.xcconfig */,
				B4A61D0FBC640B218B826ED1 /* Pods-ReactiveCocoaTest.release.xcconfig */,
			);
			name = Pods;
			sourceTree = "<group>";
		};
		8F7D1BE8C66D47D915252CCE /* Frameworks */ = {
			isa = PBXGroup;
			children = (
				6EF1BBA01F29CA4C00A28F46 /* libc++.tbd */,
				6EF1BB981F29BBBD00A28F46 /* VideoToolbox.framework */,
				6EF1BB961F29BBB600A28F46 /* UIKit.framework */,
				6EF1BB941F29BBAC00A28F46 /* QuartzCore.framework */,
				6EF1BB921F29BBA300A28F46 /* OpenGLES.framework */,
				6EF1BB901F29BB9D00A28F46 /* MobileCoreServices.framework */,
				6EF1BB8E1F29BB8A00A28F46 /* MediaPlayer.framework */,
				6EF1BB8C1F29BB8100A28F46 /* libz.tbd */,
				6EF1BB8A1F29BB7B00A28F46 /* libbz2.tbd */,
				6EF1BB881F29BB7200A28F46 /* CoreVideo.framework */,
				6EF1BB861F29BB6C00A28F46 /* CoreMedia.framework */,
				6EF1BB841F29BB6600A28F46 /* CoreGraphics.framework */,
				6EF1BB821F29BB5F00A28F46 /* AVFoundation.framework */,
				6EF1BB801F29BB5800A28F46 /* AudioToolbox.framework */,
				6EFEF65D1F2743060025B286 /* ReactiveCocoa.framework */,
				6EFEF65E1F2743060025B286 /* ReactiveSwift.framework */,
				6EFEF65F1F2743060025B286 /* Result.framework */,
				C7D2F5AC28840CE76B7EC278 /* Pods_ReactiveCocoaTest.framework */,
			);
			name = Frameworks;
			sourceTree = "<group>";
		};
/* End PBXGroup section */

/* Begin PBXNativeTarget section */
		6E0D29BE1F25E823001E4DFB /* ReactiveCocoaTest */ = {
			isa = PBXNativeTarget;
			buildConfigurationList = 6E0D29D11F25E823001E4DFB /* Build configuration list for PBXNativeTarget "ReactiveCocoaTest" */;
			buildPhases = (
				2948A9E74F30DB7F77B5D8D7 /* [CP] Check Pods Manifest.lock */,
				6E0D29BB1F25E823001E4DFB /* Sources */,
				6E0D29BC1F25E823001E4DFB /* Frameworks */,
				6E0D29BD1F25E823001E4DFB /* Resources */,
				908E242C237EA15F6E24E3D8 /* [CP] Embed Pods Frameworks */,
				07F930C775A017F5B924787D /* [CP] Copy Pods Resources */,
				6EF1BB9C1F29C92000A28F46 /* CopyFiles */,
			);
			buildRules = (
			);
			dependencies = (
			);
			name = ReactiveCocoaTest;
			productName = ReactiveCocoaTest;
			productReference = 6E0D29BF1F25E823001E4DFB /* ReactiveCocoaTest.app */;
			productType = "com.apple.product-type.application";
		};
/* End PBXNativeTarget section */

/* Begin PBXProject section */
		6E0D29B71F25E823001E4DFB /* Project object */ = {
			isa = PBXProject;
			attributes = {
				LastSwiftUpdateCheck = 0830;
				LastUpgradeCheck = 0830;
				ORGANIZATIONNAME = wanglijun;
				TargetAttributes = {
					6E0D29BE1F25E823001E4DFB = {
						CreatedOnToolsVersion = 8.3.3;
						DevelopmentTeam = 898BW4N27D;
						LastSwiftMigration = 0900;
						ProvisioningStyle = Automatic;
					};
				};
			};
			buildConfigurationList = 6E0D29BA1F25E823001E4DFB /* Build configuration list for PBXProject "ReactiveCocoaTest" */;
			compatibilityVersion = "Xcode 3.2";
			developmentRegion = English;
			hasScannedForEncodings = 0;
			knownRegions = (
				en,
				Base,
			);
			mainGroup = 6E0D29B61F25E823001E4DFB;
			productRefGroup = 6E0D29C01F25E823001E4DFB /* Products */;
			projectDirPath = "";
			projectRoot = "";
			targets = (
				6E0D29BE1F25E823001E4DFB /* ReactiveCocoaTest */,
			);
		};
/* End PBXProject section */

/* Begin PBXResourcesBuildPhase section */
		6E0D29BD1F25E823001E4DFB /* Resources */ = {
			isa = PBXResourcesBuildPhase;
			buildActionMask = 2147483647;
			files = (
				6E0D29CD1F25E823001E4DFB /* LaunchScreen.storyboard in Resources */,
				6E0D29CA1F25E823001E4DFB /* Assets.xcassets in Resources */,
				6E0D29C81F25E823001E4DFB /* Main.storyboard in Resources */,
			);
			runOnlyForDeploymentPostprocessing = 0;
		};
/* End PBXResourcesBuildPhase section */

/* Begin PBXShellScriptBuildPhase section */
		07F930C775A017F5B924787D /* [CP] Copy Pods Resources */ = {
			isa = PBXShellScriptBuildPhase;
			buildActionMask = 2147483647;
			files = (
			);
			inputPaths = (
			);
			name = "[CP] Copy Pods Resources";
			outputPaths = (
			);
			runOnlyForDeploymentPostprocessing = 0;
			shellPath = /bin/sh;
			shellScript = "\"${SRCROOT}/Pods/Target Support Files/Pods-ReactiveCocoaTest/Pods-ReactiveCocoaTest-resources.sh\"\n";
			showEnvVarsInLog = 0;
		};
		2948A9E74F30DB7F77B5D8D7 /* [CP] Check Pods Manifest.lock */ = {
			isa = PBXShellScriptBuildPhase;
			buildActionMask = 2147483647;
			files = (
			);
			inputPaths = (
				"${PODS_PODFILE_DIR_PATH}/Podfile.lock",
				"${PODS_ROOT}/Manifest.lock",
			);
			name = "[CP] Check Pods Manifest.lock";
			outputPaths = (
				"$(DERIVED_FILE_DIR)/Pods-ReactiveCocoaTest-checkManifestLockResult.txt",
			);
			runOnlyForDeploymentPostprocessing = 0;
			shellPath = /bin/sh;
			shellScript = "diff \"${PODS_PODFILE_DIR_PATH}/Podfile.lock\" \"${PODS_ROOT}/Manifest.lock\" > /dev/null\nif [ $? != 0 ] ; then\n    # print error to STDERR\n    echo \"error: The sandbox is not in sync with the Podfile.lock. Run 'pod install' or update your CocoaPods installation.\" >&2\n    exit 1\nfi\n# This output is used by Xcode 'outputs' to avoid re-running this script phase.\necho \"SUCCESS\" > \"${SCRIPT_OUTPUT_FILE_0}\"\n";
			showEnvVarsInLog = 0;
		};
		908E242C237EA15F6E24E3D8 /* [CP] Embed Pods Frameworks */ = {
			isa = PBXShellScriptBuildPhase;
			buildActionMask = 2147483647;
			files = (
			);
			inputPaths = (
				"${SRCROOT}/Pods/Target Support Files/Pods-ReactiveCocoaTest/Pods-ReactiveCocoaTest-frameworks.sh",
				"${BUILT_PRODUCTS_DIR}/Alamofire/Alamofire.framework",
				"${BUILT_PRODUCTS_DIR}/AlamofireObjectMapper/AlamofireObjectMapper.framework",
				"${BUILT_PRODUCTS_DIR}/Hero/Hero.framework",
				"${BUILT_PRODUCTS_DIR}/IGListKit/IGListKit.framework",
				"${BUILT_PRODUCTS_DIR}/Kingfisher/Kingfisher.framework",
				"${BUILT_PRODUCTS_DIR}/MJRefresh/MJRefresh.framework",
				"${BUILT_PRODUCTS_DIR}/ObjectMapper/ObjectMapper.framework",
				"${BUILT_PRODUCTS_DIR}/SnapKit/SnapKit.framework",
				"${BUILT_PRODUCTS_DIR}/Spring/Spring.framework",
				"${BUILT_PRODUCTS_DIR}/SwiftyJSON/SwiftyJSON.framework",
			);
			name = "[CP] Embed Pods Frameworks";
			outputPaths = (
				"${TARGET_BUILD_DIR}/${FRAMEWORKS_FOLDER_PATH}/Alamofire.framework",
				"${TARGET_BUILD_DIR}/${FRAMEWORKS_FOLDER_PATH}/AlamofireObjectMapper.framework",
				"${TARGET_BUILD_DIR}/${FRAMEWORKS_FOLDER_PATH}/Hero.framework",
				"${TARGET_BUILD_DIR}/${FRAMEWORKS_FOLDER_PATH}/IGListKit.framework",
				"${TARGET_BUILD_DIR}/${FRAMEWORKS_FOLDER_PATH}/Kingfisher.framework",
				"${TARGET_BUILD_DIR}/${FRAMEWORKS_FOLDER_PATH}/MJRefresh.framework",
				"${TARGET_BUILD_DIR}/${FRAMEWORKS_FOLDER_PATH}/ObjectMapper.framework",
				"${TARGET_BUILD_DIR}/${FRAMEWORKS_FOLDER_PATH}/SnapKit.framework",
				"${TARGET_BUILD_DIR}/${FRAMEWORKS_FOLDER_PATH}/Spring.framework",
				"${TARGET_BUILD_DIR}/${FRAMEWORKS_FOLDER_PATH}/SwiftyJSON.framework",
			);
			runOnlyForDeploymentPostprocessing = 0;
			shellPath = /bin/sh;
			shellScript = "\"${SRCROOT}/Pods/Target Support Files/Pods-ReactiveCocoaTest/Pods-ReactiveCocoaTest-frameworks.sh\"\n";
			showEnvVarsInLog = 0;
		};
/* End PBXShellScriptBuildPhase section */

/* Begin PBXSourcesBuildPhase section */
		6E0D29BB1F25E823001E4DFB /* Sources */ = {
			isa = PBXSourcesBuildPhase;
			buildActionMask = 2147483647;
			files = (
				6EFEA31B1F2845540087E2EA /* A.m in Sources */,
				6E0D29C51F25E823001E4DFB /* ViewController.swift in Sources */,
				6E0D29C31F25E823001E4DFB /* AppDelegate.swift in Sources */,
			);
			runOnlyForDeploymentPostprocessing = 0;
		};
/* End PBXSourcesBuildPhase section */

/* Begin PBXVariantGroup section */
		6E0D29C61F25E823001E4DFB /* Main.storyboard */ = {
			isa = PBXVariantGroup;
			children = (
				6E0D29C71F25E823001E4DFB /* Base */,
			);
			name = Main.storyboard;
			sourceTree = "<group>";
		};
		6E0D29CB1F25E823001E4DFB /* LaunchScreen.storyboard */ = {
			isa = PBXVariantGroup;
			children = (
				6E0D29CC1F25E823001E4DFB /* Base */,
			);
			name = LaunchScreen.storyboard;
			sourceTree = "<group>";
		};
/* End PBXVariantGroup section */

/* Begin XCBuildConfiguration section */
		6E0D29CF1F25E823001E4DFB /* Debug */ = {
			isa = XCBuildConfiguration;
			buildSettings = {
				ALWAYS_SEARCH_USER_PATHS = NO;
				CLANG_ANALYZER_NONNULL = YES;
				CLANG_ANALYZER_NUMBER_OBJECT_CONVERSION = YES_AGGRESSIVE;
				CLANG_CXX_LANGUAGE_STANDARD = "gnu++0x";
				CLANG_CXX_LIBRARY = "libc++";
				CLANG_ENABLE_MODULES = YES;
				CLANG_ENABLE_OBJC_ARC = YES;
				CLANG_WARN_BOOL_CONVERSION = YES;
				CLANG_WARN_CONSTANT_CONVERSION = YES;
				CLANG_WARN_DIRECT_OBJC_ISA_USAGE = YES_ERROR;
				CLANG_WARN_DOCUMENTATION_COMMENTS = YES;
				CLANG_WARN_EMPTY_BODY = YES;
				CLANG_WARN_ENUM_CONVERSION = YES;
				CLANG_WARN_INFINITE_RECURSION = YES;
				CLANG_WARN_INT_CONVERSION = YES;
				CLANG_WARN_OBJC_ROOT_CLASS = YES_ERROR;
				CLANG_WARN_SUSPICIOUS_MOVE = YES;
				CLANG_WARN_UNREACHABLE_CODE = YES;
				CLANG_WARN__DUPLICATE_METHOD_MATCH = YES;
				"CODE_SIGN_IDENTITY[sdk=iphoneos*]" = "iPhone Developer";
				COPY_PHASE_STRIP = NO;
				DEBUG_INFORMATION_FORMAT = dwarf;
				ENABLE_STRICT_OBJC_MSGSEND = YES;
				ENABLE_TESTABILITY = YES;
				GCC_C_LANGUAGE_STANDARD = gnu99;
				GCC_DYNAMIC_NO_PIC = NO;
				GCC_NO_COMMON_BLOCKS = YES;
				GCC_OPTIMIZATION_LEVEL = 0;
				GCC_PREPROCESSOR_DEFINITIONS = (
					"DEBUG=1",
					"$(inherited)",
				);
				GCC_WARN_64_TO_32_BIT_CONVERSION = YES;
				GCC_WARN_ABOUT_RETURN_TYPE = YES_ERROR;
				GCC_WARN_UNDECLARED_SELECTOR = YES;
				GCC_WARN_UNINITIALIZED_AUTOS = YES_AGGRESSIVE;
				GCC_WARN_UNUSED_FUNCTION = YES;
				GCC_WARN_UNUSED_VARIABLE = YES;
				IPHONEOS_DEPLOYMENT_TARGET = 10.3;
				MTL_ENABLE_DEBUG_INFO = YES;
				ONLY_ACTIVE_ARCH = YES;
				SDKROOT = iphoneos;
				SWIFT_ACTIVE_COMPILATION_CONDITIONS = DEBUG;
				SWIFT_OPTIMIZATION_LEVEL = "-Onone";
				TARGETED_DEVICE_FAMILY = "1,2";
			};
			name = Debug;
		};
		6E0D29D01F25E823001E4DFB /* Release */ = {
			isa = XCBuildConfiguration;
			buildSettings = {
				ALWAYS_SEARCH_USER_PATHS = NO;
				CLANG_ANALYZER_NONNULL = YES;
				CLANG_ANALYZER_NUMBER_OBJECT_CONVERSION = YES_AGGRESSIVE;
				CLANG_CXX_LANGUAGE_STANDARD = "gnu++0x";
				CLANG_CXX_LIBRARY = "libc++";
				CLANG_ENABLE_MODULES = YES;
				CLANG_ENABLE_OBJC_ARC = YES;
				CLANG_WARN_BOOL_CONVERSION = YES;
				CLANG_WARN_CONSTANT_CONVERSION = YES;
				CLANG_WARN_DIRECT_OBJC_ISA_USAGE = YES_ERROR;
				CLANG_WARN_DOCUMENTATION_COMMENTS = YES;
				CLANG_WARN_EMPTY_BODY = YES;
				CLANG_WARN_ENUM_CONVERSION = YES;
				CLANG_WARN_INFINITE_RECURSION = YES;
				CLANG_WARN_INT_CONVERSION = YES;
				CLANG_WARN_OBJC_ROOT_CLASS = YES_ERROR;
				CLANG_WARN_SUSPICIOUS_MOVE = YES;
				CLANG_WARN_UNREACHABLE_CODE = YES;
				CLANG_WARN__DUPLICATE_METHOD_MATCH = YES;
				"CODE_SIGN_IDENTITY[sdk=iphoneos*]" = "iPhone Developer";
				COPY_PHASE_STRIP = NO;
				DEBUG_INFORMATION_FORMAT = "dwarf-with-dsym";
				ENABLE_NS_ASSERTIONS = NO;
				ENABLE_STRICT_OBJC_MSGSEND = YES;
				GCC_C_LANGUAGE_STANDARD = gnu99;
				GCC_NO_COMMON_BLOCKS = YES;
				GCC_WARN_64_TO_32_BIT_CONVERSION = YES;
				GCC_WARN_ABOUT_RETURN_TYPE = YES_ERROR;
				GCC_WARN_UNDECLARED_SELECTOR = YES;
				GCC_WARN_UNINITIALIZED_AUTOS = YES_AGGRESSIVE;
				GCC_WARN_UNUSED_FUNCTION = YES;
				GCC_WARN_UNUSED_VARIABLE = YES;
				IPHONEOS_DEPLOYMENT_TARGET = 10.3;
				MTL_ENABLE_DEBUG_INFO = NO;
				SDKROOT = iphoneos;
				SWIFT_OPTIMIZATION_LEVEL = "-Owholemodule";
				TARGETED_DEVICE_FAMILY = "1,2";
				VALIDATE_PRODUCT = YES;
			};
			name = Release;
		};
		6E0D29D21F25E823001E4DFB /* Debug */ = {
			isa = XCBuildConfiguration;
			baseConfigurationReference = 26F0AFC7A374663FCBDF01F2 /* Pods-ReactiveCocoaTest.debug.xcconfig */;
			buildSettings = {
				ASSETCATALOG_COMPILER_APPICON_NAME = AppIcon;
				CLANG_ENABLE_MODULES = YES;
				DEVELOPMENT_TEAM = 898BW4N27D;
				FRAMEWORK_SEARCH_PATHS = (
					"$(inherited)",
					"$(PROJECT_DIR)/Carthage/Build/iOS",
					"$(PROJECT_DIR)",
				);
				INFOPLIST_FILE = ReactiveCocoaTest/Info.plist;
				LD_RUNPATH_SEARCH_PATHS = "$(inherited) @executable_path/Frameworks";
				PRODUCT_BUNDLE_IDENTIFIER = com.yiChuang.ReactiveCocoaTest;
				PRODUCT_NAME = "$(TARGET_NAME)";
				SWIFT_OBJC_BRIDGING_HEADER = "ReactiveCocoaTest/ReactiveCocoaTest-Bridging-Header.h";
				SWIFT_OPTIMIZATION_LEVEL = "-Onone";
				SWIFT_SWIFT3_OBJC_INFERENCE = On;
				SWIFT_VERSION = 4.0;
			};
			name = Debug;
		};
		6E0D29D31F25E823001E4DFB /* Release */ = {
			isa = XCBuildConfiguration;
			baseConfigurationReference = B4A61D0FBC640B218B826ED1 /* Pods-ReactiveCocoaTest.release.xcconfig */;
			buildSettings = {
				ASSETCATALOG_COMPILER_APPICON_NAME = AppIcon;
				CLANG_ENABLE_MODULES = YES;
				DEVELOPMENT_TEAM = 898BW4N27D;
				FRAMEWORK_SEARCH_PATHS = (
					"$(inherited)",
					"$(PROJECT_DIR)/Carthage/Build/iOS",
					"$(PROJECT_DIR)",
				);
				INFOPLIST_FILE = ReactiveCocoaTest/Info.plist;
				LD_RUNPATH_SEARCH_PATHS = "$(inherited) @executable_path/Frameworks";
				PRODUCT_BUNDLE_IDENTIFIER = com.yiChuang.ReactiveCocoaTest;
				PRODUCT_NAME = "$(TARGET_NAME)";
				SWIFT_OBJC_BRIDGING_HEADER = "ReactiveCocoaTest/ReactiveCocoaTest-Bridging-Header.h";
				SWIFT_SWIFT3_OBJC_INFERENCE = On;
				SWIFT_VERSION = 4.0;
			};
			name = Release;
		};
/* End XCBuildConfiguration section */

/* Begin XCConfigurationList section */
		6E0D29BA1F25E823001E4DFB /* Build configuration list for PBXProject "ReactiveCocoaTest" */ = {
			isa = XCConfigurationList;
			buildConfigurations = (
				6E0D29CF1F25E823001E4DFB /* Debug */,
				6E0D29D01F25E823001E4DFB /* Release */,
			);
			defaultConfigurationIsVisible = 0;
			defaultConfigurationName = Release;
		};
		6E0D29D11F25E823001E4DFB /* Build configuration list for PBXNativeTarget "ReactiveCocoaTest" */ = {
			isa = XCConfigurationList;
			buildConfigurations = (
				6E0D29D21F25E823001E4DFB /* Debug */,
				6E0D29D31F25E823001E4DFB /* Release */,
			);
			defaultConfigurationIsVisible = 0;
			defaultConfigurationName = Release;
		};
/* End XCConfigurationList section */
	};
	rootObject = 6E0D29B71F25E823001E4DFB /* Project object */;
}
