// !$*UTF8*$!
{
	archiveVersion = 1;
	classes = {
	};
	objectVersion = 46;
	objects = {

/* Begin PBXBuildFile section */
		5E51F37B3FE289EDD588E8FF /* Pods_BlueToothDemo.framework in Frameworks */ = {isa = PBXBuildFile; fileRef = D4FEC982698BAF9FB0929696 /* Pods_BlueToothDemo.framework */; };
		6EE49F301F5D2FB30024F7BE /* AppDelegate.swift in Sources */ = {isa = PBXBuildFile; fileRef = 6EE49F2F1F5D2FB30024F7BE /* AppDelegate.swift */; };
		6EE49F321F5D2FB30024F7BE /* ViewController.swift in Sources */ = {isa = PBXBuildFile; fileRef = 6EE49F311F5D2FB30024F7BE /* ViewController.swift */; };
		6EE49F351F5D2FB30024F7BE /* Main.storyboard in Resources */ = {isa = PBXBuildFile; fileRef = 6EE49F331F5D2FB30024F7BE /* Main.storyboard */; };
		6EE49F371F5D2FB30024F7BE /* Assets.xcassets in Resources */ = {isa = PBXBuildFile; fileRef = 6EE49F361F5D2FB30024F7BE /* Assets.xcassets */; };
		6EE49F3A1F5D2FB30024F7BE /* LaunchScreen.storyboard in Resources */ = {isa = PBXBuildFile; fileRef = 6EE49F381F5D2FB30024F7BE /* LaunchScreen.storyboard */; };
/* End PBXBuildFile section */

/* Begin PBXFileReference section */
		1F2DDC9E1F93CC59308FE9A5 /* Pods-BlueToothDemo.release.xcconfig */ = {isa = PBXFileReference; includeInIndex = 1; lastKnownFileType = text.xcconfig; name = "Pods-BlueToothDemo.release.xcconfig"; path = "Pods/Target Support Files/Pods-BlueToothDemo/Pods-BlueToothDemo.release.xcconfig"; sourceTree = "<group>"; };
		49A65253DCFD6E236AD3F614 /* Pods-BlueToothDemo.debug.xcconfig */ = {isa = PBXFileReference; includeInIndex = 1; lastKnownFileType = text.xcconfig; name = "Pods-BlueToothDemo.debug.xcconfig"; path = "Pods/Target Support Files/Pods-BlueToothDemo/Pods-BlueToothDemo.debug.xcconfig"; sourceTree = "<group>"; };
		6EE49F2C1F5D2FB30024F7BE /* BlueToothDemo.app */ = {isa = PBXFileReference; explicitFileType = wrapper.application; includeInIndex = 0; path = BlueToothDemo.app; sourceTree = BUILT_PRODUCTS_DIR; };
		6EE49F2F1F5D2FB30024F7BE /* AppDelegate.swift */ = {isa = PBXFileReference; lastKnownFileType = sourcecode.swift; path = AppDelegate.swift; sourceTree = "<group>"; };
		6EE49F311F5D2FB30024F7BE /* ViewController.swift */ = {isa = PBXFileReference; lastKnownFileType = sourcecode.swift; path = ViewController.swift; sourceTree = "<group>"; };
		6EE49F341F5D2FB30024F7BE /* Base */ = {isa = PBXFileReference; lastKnownFileType = file.storyboard; name = Base; path = Base.lproj/Main.storyboard; sourceTree = "<group>"; };
		6EE49F361F5D2FB30024F7BE /* Assets.xcassets */ = {isa = PBXFileReference; lastKnownFileType = folder.assetcatalog; path = Assets.xcassets; sourceTree = "<group>"; };
		6EE49F391F5D2FB30024F7BE /* Base */ = {isa = PBXFileReference; lastKnownFileType = file.storyboard; name = Base; path = Base.lproj/LaunchScreen.storyboard; sourceTree = "<group>"; };
		6EE49F3B1F5D2FB30024F7BE /* Info.plist */ = {isa = PBXFileReference; lastKnownFileType = text.plist.xml; path = Info.plist; sourceTree = "<group>"; };
		D4FEC982698BAF9FB0929696 /* Pods_BlueToothDemo.framework */ = {isa = PBXFileReference; explicitFileType = wrapper.framework; includeInIndex = 0; path = Pods_BlueToothDemo.framework; sourceTree = BUILT_PRODUCTS_DIR; };
/* End PBXFileReference section */

/* Begin PBXFrameworksBuildPhase section */
		6EE49F291F5D2FB30024F7BE /* Frameworks */ = {
			isa = PBXFrameworksBuildPhase;
			buildActionMask = 2147483647;
			files = (
				5E51F37B3FE289EDD588E8FF /* Pods_BlueToothDemo.framework in Frameworks */,
			);
			runOnlyForDeploymentPostprocessing = 0;
		};
/* End PBXFrameworksBuildPhase section */

/* Begin PBXGroup section */
		34FD421010E4765C09ED3C89 /* Pods */ = {
			isa = PBXGroup;
			children = (
				49A65253DCFD6E236AD3F614 /* Pods-BlueToothDemo.debug.xcconfig */,
				1F2DDC9E1F93CC59308FE9A5 /* Pods-BlueToothDemo.release.xcconfig */,
			);
			name = Pods;
			sourceTree = "<group>";
		};
		60C69A13E32965C7E7DB5652 /* Frameworks */ = {
			isa = PBXGroup;
			children = (
				D4FEC982698BAF9FB0929696 /* Pods_BlueToothDemo.framework */,
			);
			name = Frameworks;
			sourceTree = "<group>";
		};
		6EE49F231F5D2FB30024F7BE = {
			isa = PBXGroup;
			children = (
				6EE49F2E1F5D2FB30024F7BE /* BlueToothDemo */,
				6EE49F2D1F5D2FB30024F7BE /* Products */,
				34FD421010E4765C09ED3C89 /* Pods */,
				60C69A13E32965C7E7DB5652 /* Frameworks */,
			);
			sourceTree = "<group>";
		};
		6EE49F2D1F5D2FB30024F7BE /* Products */ = {
			isa = PBXGroup;
			children = (
				6EE49F2C1F5D2FB30024F7BE /* BlueToothDemo.app */,
			);
			name = Products;
			sourceTree = "<group>";
		};
		6EE49F2E1F5D2FB30024F7BE /* BlueToothDemo */ = {
			isa = PBXGroup;
			children = (
				6EE49F2F1F5D2FB30024F7BE /* AppDelegate.swift */,
				6EE49F311F5D2FB30024F7BE /* ViewController.swift */,
				6EE49F331F5D2FB30024F7BE /* Main.storyboard */,
				6EE49F361F5D2FB30024F7BE /* Assets.xcassets */,
				6EE49F381F5D2FB30024F7BE /* LaunchScreen.storyboard */,
				6EE49F3B1F5D2FB30024F7BE /* Info.plist */,
			);
			path = BlueToothDemo;
			sourceTree = "<group>";
		};
/* End PBXGroup section */

/* Begin PBXNativeTarget section */
		6EE49F2B1F5D2FB30024F7BE /* BlueToothDemo */ = {
			isa = PBXNativeTarget;
			buildConfigurationList = 6EE49F3E1F5D2FB30024F7BE /* Build configuration list for PBXNativeTarget "BlueToothDemo" */;
			buildPhases = (
				A9A97318202BDC7A060AA78C /* [CP] Check Pods Manifest.lock */,
				6EE49F281F5D2FB30024F7BE /* Sources */,
				6EE49F291F5D2FB30024F7BE /* Frameworks */,
				6EE49F2A1F5D2FB30024F7BE /* Resources */,
				55F2F7F8DCB4E7DEFB0C8906 /* [CP] Embed Pods Frameworks */,
				75EBADC32712C78888A0FCA9 /* [CP] Copy Pods Resources */,
			);
			buildRules = (
			);
			dependencies = (
			);
			name = BlueToothDemo;
			productName = BlueToothDemo;
			productReference = 6EE49F2C1F5D2FB30024F7BE /* BlueToothDemo.app */;
			productType = "com.apple.product-type.application";
		};
/* End PBXNativeTarget section */

/* Begin PBXProject section */
		6EE49F241F5D2FB30024F7BE /* Project object */ = {
			isa = PBXProject;
			attributes = {
				LastSwiftUpdateCheck = 0830;
				LastUpgradeCheck = 0830;
				ORGANIZATIONNAME = wanglijun;
				TargetAttributes = {
					6EE49F2B1F5D2FB30024F7BE = {
						CreatedOnToolsVersion = 8.3.3;
						DevelopmentTeam = Y3PXDB5374;
						ProvisioningStyle = Automatic;
					};
				};
			};
			buildConfigurationList = 6EE49F271F5D2FB30024F7BE /* Build configuration list for PBXProject "BlueToothDemo" */;
			compatibilityVersion = "Xcode 3.2";
			developmentRegion = English;
			hasScannedForEncodings = 0;
			knownRegions = (
				en,
				Base,
			);
			mainGroup = 6EE49F231F5D2FB30024F7BE;
			productRefGroup = 6EE49F2D1F5D2FB30024F7BE /* Products */;
			projectDirPath = "";
			projectRoot = "";
			targets = (
				6EE49F2B1F5D2FB30024F7BE /* BlueToothDemo */,
			);
		};
/* End PBXProject section */

/* Begin PBXResourcesBuildPhase section */
		6EE49F2A1F5D2FB30024F7BE /* Resources */ = {
			isa = PBXResourcesBuildPhase;
			buildActionMask = 2147483647;
			files = (
				6EE49F3A1F5D2FB30024F7BE /* LaunchScreen.storyboard in Resources */,
				6EE49F371F5D2FB30024F7BE /* Assets.xcassets in Resources */,
				6EE49F351F5D2FB30024F7BE /* Main.storyboard in Resources */,
			);
			runOnlyForDeploymentPostprocessing = 0;
		};
/* End PBXResourcesBuildPhase section */

/* Begin PBXShellScriptBuildPhase section */
		55F2F7F8DCB4E7DEFB0C8906 /* [CP] Embed Pods Frameworks */ = {
			isa = PBXShellScriptBuildPhase;
			buildActionMask = 2147483647;
			files = (
			);
			inputPaths = (
				"${SRCROOT}/Pods/Target Support Files/Pods-BlueToothDemo/Pods-BlueToothDemo-frameworks.sh",
				"${BUILT_PRODUCTS_DIR}/Realm/Realm.framework",
				"${BUILT_PRODUCTS_DIR}/RealmSwift/RealmSwift.framework",
			);
			name = "[CP] Embed Pods Frameworks";
			outputPaths = (
				"${TARGET_BUILD_DIR}/${FRAMEWORKS_FOLDER_PATH}/Realm.framework",
				"${TARGET_BUILD_DIR}/${FRAMEWORKS_FOLDER_PATH}/RealmSwift.framework",
			);
			runOnlyForDeploymentPostprocessing = 0;
			shellPath = /bin/sh;
			shellScript = "\"${SRCROOT}/Pods/Target Support Files/Pods-BlueToothDemo/Pods-BlueToothDemo-frameworks.sh\"\n";
			showEnvVarsInLog = 0;
		};
		75EBADC32712C78888A0FCA9 /* [CP] Copy Pods Resources */ = {
			isa = PBXShellScriptBuildPhase;
			buildActionMask = 2147483647;
			files = (
			);
			inputPaths = (
			);
			name = "[CP] Copy Pods Resources";
			outputPaths = (
			);
			runOnlyForDeploymentPostprocessing = 0;
			shellPath = /bin/sh;
			shellScript = "\"${SRCROOT}/Pods/Target Support Files/Pods-BlueToothDemo/Pods-BlueToothDemo-resources.sh\"\n";
			showEnvVarsInLog = 0;
		};
		A9A97318202BDC7A060AA78C /* [CP] Check Pods Manifest.lock */ = {
			isa = PBXShellScriptBuildPhase;
			buildActionMask = 2147483647;
			files = (
			);
			inputPaths = (
				"${PODS_PODFILE_DIR_PATH}/Podfile.lock",
				"${PODS_ROOT}/Manifest.lock",
			);
			name = "[CP] Check Pods Manifest.lock";
			outputPaths = (
				"$(DERIVED_FILE_DIR)/Pods-BlueToothDemo-checkManifestLockResult.txt",
			);
			runOnlyForDeploymentPostprocessing = 0;
			shellPath = /bin/sh;
			shellScript = "diff \"${PODS_PODFILE_DIR_PATH}/Podfile.lock\" \"${PODS_ROOT}/Manifest.lock\" > /dev/null\nif [ $? != 0 ] ; then\n    # print error to STDERR\n    echo \"error: The sandbox is not in sync with the Podfile.lock. Run 'pod install' or update your CocoaPods installation.\" >&2\n    exit 1\nfi\n# This output is used by Xcode 'outputs' to avoid re-running this script phase.\necho \"SUCCESS\" > \"${SCRIPT_OUTPUT_FILE_0}\"\n";
			showEnvVarsInLog = 0;
		};
/* End PBXShellScriptBuildPhase section */

/* Begin PBXSourcesBuildPhase section */
		6EE49F281F5D2FB30024F7BE /* Sources */ = {
			isa = PBXSourcesBuildPhase;
			buildActionMask = 2147483647;
			files = (
				6EE49F321F5D2FB30024F7BE /* ViewController.swift in Sources */,
				6EE49F301F5D2FB30024F7BE /* AppDelegate.swift in Sources */,
			);
			runOnlyForDeploymentPostprocessing = 0;
		};
/* End PBXSourcesBuildPhase section */

/* Begin PBXVariantGroup section */
		6EE49F331F5D2FB30024F7BE /* Main.storyboard */ = {
			isa = PBXVariantGroup;
			children = (
				6EE49F341F5D2FB30024F7BE /* Base */,
			);
			name = Main.storyboard;
			sourceTree = "<group>";
		};
		6EE49F381F5D2FB30024F7BE /* LaunchScreen.storyboard */ = {
			isa = PBXVariantGroup;
			children = (
				6EE49F391F5D2FB30024F7BE /* Base */,
			);
			name = LaunchScreen.storyboard;
			sourceTree = "<group>";
		};
/* End PBXVariantGroup section */

/* Begin XCBuildConfiguration section */
		6EE49F3C1F5D2FB30024F7BE /* Debug */ = {
			isa = XCBuildConfiguration;
			buildSettings = {
				ALWAYS_SEARCH_USER_PATHS = NO;
				CLANG_ANALYZER_NONNULL = YES;
				CLANG_ANALYZER_NUMBER_OBJECT_CONVERSION = YES_AGGRESSIVE;
				CLANG_CXX_LANGUAGE_STANDARD = "gnu++0x";
				CLANG_CXX_LIBRARY = "libc++";
				CLANG_ENABLE_MODULES = YES;
				CLANG_ENABLE_OBJC_ARC = YES;
				CLANG_WARN_BOOL_CONVERSION = YES;
				CLANG_WARN_CONSTANT_CONVERSION = YES;
				CLANG_WARN_DIRECT_OBJC_ISA_USAGE = YES_ERROR;
				CLANG_WARN_DOCUMENTATION_COMMENTS = YES;
				CLANG_WARN_EMPTY_BODY = YES;
				CLANG_WARN_ENUM_CONVERSION = YES;
				CLANG_WARN_INFINITE_RECURSION = YES;
				CLANG_WARN_INT_CONVERSION = YES;
				CLANG_WARN_OBJC_ROOT_CLASS = YES_ERROR;
				CLANG_WARN_SUSPICIOUS_MOVE = YES;
				CLANG_WARN_UNREACHABLE_CODE = YES;
				CLANG_WARN__DUPLICATE_METHOD_MATCH = YES;
				"CODE_SIGN_IDENTITY[sdk=iphoneos*]" = "iPhone Developer";
				COPY_PHASE_STRIP = NO;
				DEBUG_INFORMATION_FORMAT = dwarf;
				ENABLE_STRICT_OBJC_MSGSEND = YES;
				ENABLE_TESTABILITY = YES;
				GCC_C_LANGUAGE_STANDARD = gnu99;
				GCC_DYNAMIC_NO_PIC = NO;
				GCC_NO_COMMON_BLOCKS = YES;
				GCC_OPTIMIZATION_LEVEL = 0;
				GCC_PREPROCESSOR_DEFINITIONS = (
					"DEBUG=1",
					"$(inherited)",
				);
				GCC_WARN_64_TO_32_BIT_CONVERSION = YES;
				GCC_WARN_ABOUT_RETURN_TYPE = YES_ERROR;
				GCC_WARN_UNDECLARED_SELECTOR = YES;
				GCC_WARN_UNINITIALIZED_AUTOS = YES_AGGRESSIVE;
				GCC_WARN_UNUSED_FUNCTION = YES;
				GCC_WARN_UNUSED_VARIABLE = YES;
				IPHONEOS_DEPLOYMENT_TARGET = 10.3;
				MTL_ENABLE_DEBUG_INFO = YES;
				ONLY_ACTIVE_ARCH = YES;
				SDKROOT = iphoneos;
				SWIFT_ACTIVE_COMPILATION_CONDITIONS = DEBUG;
				SWIFT_OPTIMIZATION_LEVEL = "-Onone";
				TARGETED_DEVICE_FAMILY = "1,2";
			};
			name = Debug;
		};
		6EE49F3D1F5D2FB30024F7BE /* Release */ = {
			isa = XCBuildConfiguration;
			buildSettings = {
				ALWAYS_SEARCH_USER_PATHS = NO;
				CLANG_ANALYZER_NONNULL = YES;
				CLANG_ANALYZER_NUMBER_OBJECT_CONVERSION = YES_AGGRESSIVE;
				CLANG_CXX_LANGUAGE_STANDARD = "gnu++0x";
				CLANG_CXX_LIBRARY = "libc++";
				CLANG_ENABLE_MODULES = YES;
				CLANG_ENABLE_OBJC_ARC = YES;
				CLANG_WARN_BOOL_CONVERSION = YES;
				CLANG_WARN_CONSTANT_CONVERSION = YES;
				CLANG_WARN_DIRECT_OBJC_ISA_USAGE = YES_ERROR;
				CLANG_WARN_DOCUMENTATION_COMMENTS = YES;
				CLANG_WARN_EMPTY_BODY = YES;
				CLANG_WARN_ENUM_CONVERSION = YES;
				CLANG_WARN_INFINITE_RECURSION = YES;
				CLANG_WARN_INT_CONVERSION = YES;
				CLANG_WARN_OBJC_ROOT_CLASS = YES_ERROR;
				CLANG_WARN_SUSPICIOUS_MOVE = YES;
				CLANG_WARN_UNREACHABLE_CODE = YES;
				CLANG_WARN__DUPLICATE_METHOD_MATCH = YES;
				"CODE_SIGN_IDENTITY[sdk=iphoneos*]" = "iPhone Developer";
				COPY_PHASE_STRIP = NO;
				DEBUG_INFORMATION_FORMAT = "dwarf-with-dsym";
				ENABLE_NS_ASSERTIONS = NO;
				ENABLE_STRICT_OBJC_MSGSEND = YES;
				GCC_C_LANGUAGE_STANDARD = gnu99;
				GCC_NO_COMMON_BLOCKS = YES;
				GCC_WARN_64_TO_32_BIT_CONVERSION = YES;
				GCC_WARN_ABOUT_RETURN_TYPE = YES_ERROR;
				GCC_WARN_UNDECLARED_SELECTOR = YES;
				GCC_WARN_UNINITIALIZED_AUTOS = YES_AGGRESSIVE;
				GCC_WARN_UNUSED_FUNCTION = YES;
				GCC_WARN_UNUSED_VARIABLE = YES;
				IPHONEOS_DEPLOYMENT_TARGET = 10.3;
				MTL_ENABLE_DEBUG_INFO = NO;
				SDKROOT = iphoneos;
				SWIFT_OPTIMIZATION_LEVEL = "-Owholemodule";
				TARGETED_DEVICE_FAMILY = "1,2";
				VALIDATE_PRODUCT = YES;
			};
			name = Release;
		};
		6EE49F3F1F5D2FB30024F7BE /* Debug */ = {
			isa = XCBuildConfiguration;
			baseConfigurationReference = 49A65253DCFD6E236AD3F614 /* Pods-BlueToothDemo.debug.xcconfig */;
			buildSettings = {
				ASSETCATALOG_COMPILER_APPICON_NAME = AppIcon;
				DEVELOPMENT_TEAM = Y3PXDB5374;
				INFOPLIST_FILE = BlueToothDemo/Info.plist;
				LD_RUNPATH_SEARCH_PATHS = "$(inherited) @executable_path/Frameworks";
				PRODUCT_BUNDLE_IDENTIFIER = com.sifang.BlueToothDemo;
				PRODUCT_NAME = "$(TARGET_NAME)";
				SWIFT_VERSION = 3.0;
			};
			name = Debug;
		};
		6EE49F401F5D2FB30024F7BE /* Release */ = {
			isa = XCBuildConfiguration;
			baseConfigurationReference = 1F2DDC9E1F93CC59308FE9A5 /* Pods-BlueToothDemo.release.xcconfig */;
			buildSettings = {
				ASSETCATALOG_COMPILER_APPICON_NAME = AppIcon;
				DEVELOPMENT_TEAM = Y3PXDB5374;
				INFOPLIST_FILE = BlueToothDemo/Info.plist;
				LD_RUNPATH_SEARCH_PATHS = "$(inherited) @executable_path/Frameworks";
				PRODUCT_BUNDLE_IDENTIFIER = com.sifang.BlueToothDemo;
				PRODUCT_NAME = "$(TARGET_NAME)";
				SWIFT_VERSION = 3.0;
			};
			name = Release;
		};
/* End XCBuildConfiguration section */

/* Begin XCConfigurationList section */
		6EE49F271F5D2FB30024F7BE /* Build configuration list for PBXProject "BlueToothDemo" */ = {
			isa = XCConfigurationList;
			buildConfigurations = (
				6EE49F3C1F5D2FB30024F7BE /* Debug */,
				6EE49F3D1F5D2FB30024F7BE /* Release */,
			);
			defaultConfigurationIsVisible = 0;
			defaultConfigurationName = Release;
		};
		6EE49F3E1F5D2FB30024F7BE /* Build configuration list for PBXNativeTarget "BlueToothDemo" */ = {
			isa = XCConfigurationList;
			buildConfigurations = (
				6EE49F3F1F5D2FB30024F7BE /* Debug */,
				6EE49F401F5D2FB30024F7BE /* Release */,
			);
			defaultConfigurationIsVisible = 0;
		};
/* End XCConfigurationList section */
	};
	rootObject = 6EE49F241F5D2FB30024F7BE /* Project object */;
}
